
Microsoft Visual Studio Solution File, Format Version 12.00
# Visual Studio Version 17
VisualStudioVersion = 17.1.32210.238
MinimumVisualStudioVersion = 10.0.40219.1
Project("{FAE04EC0-301F-11D3-BF4B-00C04F79EFBC}") = "Course_work", "Course_work.csproj", "{DB8CA64F-2C3C-4BCD-8D6E-9646E196EC8E}"
EndProject
Global
	GlobalSection(SolutionConfigurationPlatforms) = preSolution
		Debug|Any CPU = Debug|Any CPU
		Release|Any CPU = Release|Any CPU
	EndGlobalSection
	GlobalSection(ProjectConfigurationPlatforms) = postSolution
		{DB8CA64F-2C3C-4BCD-8D6E-9646E196EC8E}.Debug|Any CPU.ActiveCfg = Debug|Any CPU
		{DB8CA64F-2C3C-4BCD-8D6E-9646E196EC8E}.Debug|Any CPU.Build.0 = Debug|Any CPU
		{DB8CA64F-2C3C-4BCD-8D6E-9646E196EC8E}.Release|Any CPU.ActiveCfg = Release|Any CPU
		{DB8CA64F-2C3C-4BCD-8D6E-9646E196EC8E}.Release|Any CPU.Build.0 = Release|Any CPU
	EndGlobalSection
	GlobalSection(SolutionProperties) = preSolution
		HideSolutionNode = FALSE
	EndGlobalSection
	GlobalSection(ExtensibilityGlobals) = postSolution
		SolutionGuid = {37D8A0CD-4340-404D-8CFE-C3FCD064D090}
	EndGlobalSection
EndGlobal
